
Microsoft Visual Studio Solution File, Format Version 12.00
# Visual Studio 15
VisualStudioVersion = 15.0.26730.15
MinimumVisualStudioVersion = 10.0.40219.1
Project("{FAE04EC0-301F-11D3-BF4B-00C04F79EFBC}") = "LabSixteen", "LabSixteen\LabSixteen.csproj", "{357B26BB-79E5-4521-98A5-1CF666900E73}"
EndProject
Global
	GlobalSection(SolutionConfigurationPlatforms) = preSolution
		Debug|Any CPU = Debug|Any CPU
		Release|Any CPU = Release|Any CPU
	EndGlobalSection
	GlobalSection(ProjectConfigurationPlatforms) = postSolution
		{357B26BB-79E5-4521-98A5-1CF666900E73}.Debug|Any CPU.ActiveCfg = Debug|Any CPU
		{357B26BB-79E5-4521-98A5-1CF666900E73}.Debug|Any CPU.Build.0 = Debug|Any CPU
		{357B26BB-79E5-4521-98A5-1CF666900E73}.Release|Any CPU.ActiveCfg = Release|Any CPU
		{357B26BB-79E5-4521-98A5-1CF666900E73}.Release|Any CPU.Build.0 = Release|Any CPU
	EndGlobalSection
	GlobalSection(SolutionProperties) = preSolution
		HideSolutionNode = FALSE
	EndGlobalSection
	GlobalSection(ExtensibilityGlobals) = postSolution
		SolutionGuid = {676275B8-1A6B-420C-B34A-85602C25F83D}
	EndGlobalSection
EndGlobal
